<?xml version="1.0" encoding="utf-8"?>
<Project ToolsVersion="4.0" xmlns="http://schemas.microsoft.com/developer/msbuild/2003">
  <ItemGroup>
    <Filter Include="Source Files">
      <UniqueIdentifier>{4FC737F1-C7A5-4376-A066-2A32D752A2FF}</UniqueIdentifier>
      <Extensions>cpp;c;cc;cxx;c++;cppm;ixx;def;odl;idl;hpj;bat;asm;asmx</Extensions>
    </Filter>
    <Filter Include="Header Files">
      <UniqueIdentifier>{93995380-89BD-4b04-88EB-625FBE52EBFB}</UniqueIdentifier>
      <Extensions>h;hh;hpp;hxx;h++;hm;inl;inc;ipp;xsd</Extensions>
    </Filter>
    <Filter Include="Resource Files">
      <UniqueIdentifier>{67DA6AB6-F800-4c08-8B7A-83BB121AAD01}</UniqueIdentifier>
      <Extensions>rc;ico;cur;bmp;dlg;rc2;rct;bin;rgs;gif;jpg;jpeg;jpe;resx;tiff;tif;png;wav;mfcribbon-ms</Extensions>
    </Filter>
    <Filter Include="LogicEditor">
      <UniqueIdentifier>{208b61e9-076a-43b6-a0db-8669fffa91a2}</UniqueIdentifier>
    </Filter>
    <Filter Include="LogicEditor\imgui_node_editor">
      <UniqueIdentifier>{90cc9a5e-0bec-4599-8b6d-162c6e9a63da}</UniqueIdentifier>
    </Filter>
    <Filter Include="LogicEditor\imgui_node_editor\simple-example">
      <UniqueIdentifier>{7ff350b0-a30d-46ff-9173-66fb51749396}</UniqueIdentifier>
    </Filter>
  </ItemGroup>
  <ItemGroup>
    <ClInclude Include="framework.h">
      <Filter>Header Files</Filter>
    </ClInclude>
    <ClInclude Include="stdafx.h">
      <Filter>Header Files</Filter>
    </ClInclude>
    <ClInclude Include="LogicEditor\CustomDataEditor.h">
      <Filter>LogicEditor</Filter>
    </ClInclude>
    <ClInclude Include="LogicEditor\LogicEditor.h">
      <Filter>LogicEditor</Filter>
    </ClInclude>
    <ClInclude Include="LogicEditor\LogicEditorGenerals.h">
      <Filter>LogicEditor</Filter>
    </ClInclude>
    <ClInclude Include="LogicEditor\imgui_node_editor\crude_json.h">
      <Filter>LogicEditor\imgui_node_editor</Filter>
    </ClInclude>
    <ClInclude Include="LogicEditor\imgui_node_editor\imgui_bezier_math.h">
      <Filter>LogicEditor\imgui_node_editor</Filter>
    </ClInclude>
    <ClInclude Include="LogicEditor\imgui_node_editor\imgui_canvas.h">
      <Filter>LogicEditor\imgui_node_editor</Filter>
    </ClInclude>
    <ClInclude Include="LogicEditor\imgui_node_editor\imgui_extra_math.h">
      <Filter>LogicEditor\imgui_node_editor</Filter>
    </ClInclude>
    <ClInclude Include="LogicEditor\imgui_node_editor\imgui_node_editor.h">
      <Filter>LogicEditor\imgui_node_editor</Filter>
    </ClInclude>
    <ClInclude Include="LogicEditor\imgui_node_editor\imgui_node_editor_internal.h">
      <Filter>LogicEditor\imgui_node_editor</Filter>
    </ClInclude>
  </ItemGroup>
  <ItemGroup>
    <ClCompile Include="dllmain.cpp">
      <Filter>Source Files</Filter>
    </ClCompile>
    <ClCompile Include="stdafx.cpp">
      <Filter>Source Files</Filter>
    </ClCompile>
    <ClCompile Include="LogicEditor\CustomDataEditor.cpp">
      <Filter>LogicEditor</Filter>
    </ClCompile>
    <ClCompile Include="LogicEditor\LogicEditor.cpp">
      <Filter>LogicEditor</Filter>
    </ClCompile>
    <ClCompile Include="LogicEditor\LogicEditorGenerals.cpp">
      <Filter>LogicEditor</Filter>
    </ClCompile>
    <ClCompile Include="LogicEditor\imgui_node_editor\crude_json.cpp">
      <Filter>LogicEditor\imgui_node_editor</Filter>
    </ClCompile>
    <ClCompile Include="LogicEditor\imgui_node_editor\imgui_canvas.cpp">
      <Filter>LogicEditor\imgui_node_editor</Filter>
    </ClCompile>
    <ClCompile Include="LogicEditor\imgui_node_editor\imgui_node_editor.cpp">
      <Filter>LogicEditor\imgui_node_editor</Filter>
    </ClCompile>
    <ClCompile Include="LogicEditor\imgui_node_editor\imgui_node_editor_api.cpp">
      <Filter>LogicEditor\imgui_node_editor</Filter>
    </ClCompile>
    <ClCompile Include="LogicEditor\imgui_node_editor\examples\simple-example\simple-example.cpp">
      <Filter>LogicEditor\imgui_node_editor\simple-example</Filter>
    </ClCompile>
  </ItemGroup>
  <ItemGroup>
    <None Include="LogicEditor\imgui_node_editor\imgui_bezier_math.inl">
      <Filter>LogicEditor\imgui_node_editor</Filter>
    </None>
    <None Include="LogicEditor\imgui_node_editor\imgui_extra_math.inl">
      <Filter>LogicEditor\imgui_node_editor</Filter>
    </None>
    <None Include="LogicEditor\imgui_node_editor\imgui_node_editor_internal.inl">
      <Filter>LogicEditor\imgui_node_editor</Filter>
    </None>
  </ItemGroup>
</Project>