
Microsoft Visual Studio Solution File, Format Version 12.00
# Visual Studio Version 17
VisualStudioVersion = 17.0.32112.339
MinimumVisualStudioVersion = 10.0.40219.1
Project("{8BC9CEB8-8B4A-11D0-8D11-00A0C91BC942}") = "XrCore", "XrCore\XrCore.vcxproj", "{DA642D7C-4FFF-43DC-98F8-3F96CAF1E4BA}"
EndProject
Project("{8BC9CEB8-8B4A-11D0-8D11-00A0C91BC942}") = "XrCDB", "XrCDB\XrCDB.vcxproj", "{7E263157-2FC0-42D7-A676-DD6049BB60F5}"
EndProject
Project("{8BC9CEB8-8B4A-11D0-8D11-00A0C91BC942}") = "XrAPI", "XrAPI\XrAPI.vcxproj", "{FF16EF0A-8A51-4C36-9213-4AA87CB4B317}"
EndProject
Project("{2150E333-8FDC-42A3-9474-1A3956D46DE8}") = "External", "External", "{DBF1D802-5CE5-45B8-8426-4634FC4D4FAA}"
EndProject
Project("{8BC9CEB8-8B4A-11D0-8D11-00A0C91BC942}") = "XrNetServer", "XrNetServer\XrNetServer.vcxproj", "{5A93A01A-05BD-4BF8-8D6E-2A5AE2E0BF14}"
EndProject
Project("{8BC9CEB8-8B4A-11D0-8D11-00A0C91BC942}") = "XrEngine", "XrEngine\XrEngine.vcxproj", "{2820680F-79FE-4477-A14C-007F273A5FA8}"
	ProjectSection(ProjectDependencies) = postProject
		{E671B0D4-52F0-471B-90B4-8317946C3C26} = {E671B0D4-52F0-471B-90B4-8317946C3C26}
	EndProjectSection
EndProject
Project("{8BC9CEB8-8B4A-11D0-8D11-00A0C91BC942}") = "Luabind", "External\Luabind\Luabind.vcxproj", "{18C37994-F2F2-46C0-BD55-BC738E8B9D89}"
EndProject
Project("{8BC9CEB8-8B4A-11D0-8D11-00A0C91BC942}") = "XrCPU_Pipe", "XrCPU_Pipe\XrCPU_Pipe.vcxproj", "{E671B0D4-52F0-471B-90B4-8317946C3C26}"
EndProject
Project("{8BC9CEB8-8B4A-11D0-8D11-00A0C91BC942}") = "Ode", "External\Ode\Ode.vcxproj", "{EB58439B-1F16-4E81-B0B3-1E1E95AD4901}"
EndProject
Project("{8BC9CEB8-8B4A-11D0-8D11-00A0C91BC942}") = "XrPhysics", "XrPhysics\XrPhysics.vcxproj", "{3D3CC439-AABC-4565-99C8-9C53F425380C}"
EndProject
Project("{2150E333-8FDC-42A3-9474-1A3956D46DE8}") = "Editors", "Editors", "{22F340B9-8190-4BE3-B3E7-F7BCAA0796B3}"
EndProject
Project("{8BC9CEB8-8B4A-11D0-8D11-00A0C91BC942}") = "XrEProps", "Editors\XrEProps\XrEProps.vcxproj", "{6D47AFC7-0557-4BBF-8902-B248F3621419}"
EndProject
Project("{8BC9CEB8-8B4A-11D0-8D11-00A0C91BC942}") = "ActorEditor", "Editors\ActorEditor\ActorEditor.vcxproj", "{3145D38A-574B-4841-8AA9-CCD160B95124}"
EndProject
Project("{8BC9CEB8-8B4A-11D0-8D11-00A0C91BC942}") = "XrECore", "Editors\XrECore\XrECore.vcxproj", "{9187BE98-531A-4276-B78E-DBA3C8AB8447}"
EndProject
Project("{8BC9CEB8-8B4A-11D0-8D11-00A0C91BC942}") = "FreeMagic", "Editors\FreeMagic\FreeMagic.vcxproj", "{DCC5B76D-BE13-4D1F-BE14-75D0FA678340}"
EndProject
Project("{8BC9CEB8-8B4A-11D0-8D11-00A0C91BC942}") = "XrETools", "Editors\XrETools\XrETools.vcxproj", "{FB040F9F-8344-43DA-A4D6-1C8A9D5DBC59}"
EndProject
Project("{8BC9CEB8-8B4A-11D0-8D11-00A0C91BC942}") = "XrQSlim", "Editors\XrQSlim\XrQSlim.vcxproj", "{F4CD3B2B-16E4-47EF-80A9-B7D20DFC3713}"
EndProject
Project("{8BC9CEB8-8B4A-11D0-8D11-00A0C91BC942}") = "XrDXT", "Editors\XrDXT\XrDXT.vcxproj", "{7C119635-1963-4547-B345-CB7ED7EB2EE4}"
EndProject
Project("{8BC9CEB8-8B4A-11D0-8D11-00A0C91BC942}") = "XrEUI", "Editors\XrEUI\XrEUI.vcxproj", "{7E28883C-DB86-4EE8-813A-991BA20C68C9}"
EndProject
Project("{FAE04EC0-301F-11D3-BF4B-00C04F79EFBC}") = "Object tool", "App\Object tool.csproj", "{02F33C82-43EE-4A2D-962A-74C3CA6A4FBC}"
EndProject
Global
	GlobalSection(SolutionConfigurationPlatforms) = preSolution
		Debug|Any CPU = Debug|Any CPU
		Debug|x64 = Debug|x64
		Debug|x86 = Debug|x86
		Release|Any CPU = Release|Any CPU
		Release|x64 = Release|x64
		Release|x86 = Release|x86
	EndGlobalSection
	GlobalSection(ProjectConfigurationPlatforms) = postSolution
		{DA642D7C-4FFF-43DC-98F8-3F96CAF1E4BA}.Debug|Any CPU.ActiveCfg = Debug|x64
		{DA642D7C-4FFF-43DC-98F8-3F96CAF1E4BA}.Debug|Any CPU.Build.0 = Debug|x64
		{DA642D7C-4FFF-43DC-98F8-3F96CAF1E4BA}.Debug|x64.ActiveCfg = Debug|x64
		{DA642D7C-4FFF-43DC-98F8-3F96CAF1E4BA}.Debug|x64.Build.0 = Debug|x64
		{DA642D7C-4FFF-43DC-98F8-3F96CAF1E4BA}.Debug|x86.ActiveCfg = Debug|Win32
		{DA642D7C-4FFF-43DC-98F8-3F96CAF1E4BA}.Debug|x86.Build.0 = Debug|Win32
		{DA642D7C-4FFF-43DC-98F8-3F96CAF1E4BA}.Release|Any CPU.ActiveCfg = Release|x64
		{DA642D7C-4FFF-43DC-98F8-3F96CAF1E4BA}.Release|Any CPU.Build.0 = Release|x64
		{DA642D7C-4FFF-43DC-98F8-3F96CAF1E4BA}.Release|x64.ActiveCfg = Release|x64
		{DA642D7C-4FFF-43DC-98F8-3F96CAF1E4BA}.Release|x64.Build.0 = Release|x64
		{DA642D7C-4FFF-43DC-98F8-3F96CAF1E4BA}.Release|x86.ActiveCfg = Release|Win32
		{DA642D7C-4FFF-43DC-98F8-3F96CAF1E4BA}.Release|x86.Build.0 = Release|Win32
		{7E263157-2FC0-42D7-A676-DD6049BB60F5}.Debug|Any CPU.ActiveCfg = Debug|x64
		{7E263157-2FC0-42D7-A676-DD6049BB60F5}.Debug|Any CPU.Build.0 = Debug|x64
		{7E263157-2FC0-42D7-A676-DD6049BB60F5}.Debug|x64.ActiveCfg = Debug|x64
		{7E263157-2FC0-42D7-A676-DD6049BB60F5}.Debug|x64.Build.0 = Debug|x64
		{7E263157-2FC0-42D7-A676-DD6049BB60F5}.Debug|x86.ActiveCfg = Debug|Win32
		{7E263157-2FC0-42D7-A676-DD6049BB60F5}.Debug|x86.Build.0 = Debug|Win32
		{7E263157-2FC0-42D7-A676-DD6049BB60F5}.Release|Any CPU.ActiveCfg = Release|x64
		{7E263157-2FC0-42D7-A676-DD6049BB60F5}.Release|Any CPU.Build.0 = Release|x64
		{7E263157-2FC0-42D7-A676-DD6049BB60F5}.Release|x64.ActiveCfg = Release|x64
		{7E263157-2FC0-42D7-A676-DD6049BB60F5}.Release|x64.Build.0 = Release|x64
		{7E263157-2FC0-42D7-A676-DD6049BB60F5}.Release|x86.ActiveCfg = Release|Win32
		{7E263157-2FC0-42D7-A676-DD6049BB60F5}.Release|x86.Build.0 = Release|Win32
		{FF16EF0A-8A51-4C36-9213-4AA87CB4B317}.Debug|Any CPU.ActiveCfg = Debug|x64
		{FF16EF0A-8A51-4C36-9213-4AA87CB4B317}.Debug|Any CPU.Build.0 = Debug|x64
		{FF16EF0A-8A51-4C36-9213-4AA87CB4B317}.Debug|x64.ActiveCfg = Debug|x64
		{FF16EF0A-8A51-4C36-9213-4AA87CB4B317}.Debug|x64.Build.0 = Debug|x64
		{FF16EF0A-8A51-4C36-9213-4AA87CB4B317}.Debug|x86.ActiveCfg = Debug|Win32
		{FF16EF0A-8A51-4C36-9213-4AA87CB4B317}.Debug|x86.Build.0 = Debug|Win32
		{FF16EF0A-8A51-4C36-9213-4AA87CB4B317}.Release|Any CPU.ActiveCfg = Release|x64
		{FF16EF0A-8A51-4C36-9213-4AA87CB4B317}.Release|Any CPU.Build.0 = Release|x64
		{FF16EF0A-8A51-4C36-9213-4AA87CB4B317}.Release|x64.ActiveCfg = Release|x64
		{FF16EF0A-8A51-4C36-9213-4AA87CB4B317}.Release|x64.Build.0 = Release|x64
		{FF16EF0A-8A51-4C36-9213-4AA87CB4B317}.Release|x86.ActiveCfg = Release|Win32
		{FF16EF0A-8A51-4C36-9213-4AA87CB4B317}.Release|x86.Build.0 = Release|Win32
		{5A93A01A-05BD-4BF8-8D6E-2A5AE2E0BF14}.Debug|Any CPU.ActiveCfg = Debug|x64
		{5A93A01A-05BD-4BF8-8D6E-2A5AE2E0BF14}.Debug|Any CPU.Build.0 = Debug|x64
		{5A93A01A-05BD-4BF8-8D6E-2A5AE2E0BF14}.Debug|x64.ActiveCfg = Debug|x64
		{5A93A01A-05BD-4BF8-8D6E-2A5AE2E0BF14}.Debug|x64.Build.0 = Debug|x64
		{5A93A01A-05BD-4BF8-8D6E-2A5AE2E0BF14}.Debug|x86.ActiveCfg = Debug|Win32
		{5A93A01A-05BD-4BF8-8D6E-2A5AE2E0BF14}.Debug|x86.Build.0 = Debug|Win32
		{5A93A01A-05BD-4BF8-8D6E-2A5AE2E0BF14}.Release|Any CPU.ActiveCfg = Release|x64
		{5A93A01A-05BD-4BF8-8D6E-2A5AE2E0BF14}.Release|Any CPU.Build.0 = Release|x64
		{5A93A01A-05BD-4BF8-8D6E-2A5AE2E0BF14}.Release|x64.ActiveCfg = Release|x64
		{5A93A01A-05BD-4BF8-8D6E-2A5AE2E0BF14}.Release|x64.Build.0 = Release|x64
		{5A93A01A-05BD-4BF8-8D6E-2A5AE2E0BF14}.Release|x86.ActiveCfg = Release|Win32
		{5A93A01A-05BD-4BF8-8D6E-2A5AE2E0BF14}.Release|x86.Build.0 = Release|Win32
		{2820680F-79FE-4477-A14C-007F273A5FA8}.Debug|Any CPU.ActiveCfg = Debug|x64
		{2820680F-79FE-4477-A14C-007F273A5FA8}.Debug|Any CPU.Build.0 = Debug|x64
		{2820680F-79FE-4477-A14C-007F273A5FA8}.Debug|x64.ActiveCfg = Debug|x64
		{2820680F-79FE-4477-A14C-007F273A5FA8}.Debug|x64.Build.0 = Debug|x64
		{2820680F-79FE-4477-A14C-007F273A5FA8}.Debug|x86.ActiveCfg = Debug|Win32
		{2820680F-79FE-4477-A14C-007F273A5FA8}.Debug|x86.Build.0 = Debug|Win32
		{2820680F-79FE-4477-A14C-007F273A5FA8}.Release|Any CPU.ActiveCfg = Release|x64
		{2820680F-79FE-4477-A14C-007F273A5FA8}.Release|Any CPU.Build.0 = Release|x64
		{2820680F-79FE-4477-A14C-007F273A5FA8}.Release|x64.ActiveCfg = Release|x64
		{2820680F-79FE-4477-A14C-007F273A5FA8}.Release|x64.Build.0 = Release|x64
		{2820680F-79FE-4477-A14C-007F273A5FA8}.Release|x86.ActiveCfg = Release|Win32
		{2820680F-79FE-4477-A14C-007F273A5FA8}.Release|x86.Build.0 = Release|Win32
		{18C37994-F2F2-46C0-BD55-BC738E8B9D89}.Debug|Any CPU.ActiveCfg = Debug|x64
		{18C37994-F2F2-46C0-BD55-BC738E8B9D89}.Debug|Any CPU.Build.0 = Debug|x64
		{18C37994-F2F2-46C0-BD55-BC738E8B9D89}.Debug|x64.ActiveCfg = Debug|x64
		{18C37994-F2F2-46C0-BD55-BC738E8B9D89}.Debug|x64.Build.0 = Debug|x64
		{18C37994-F2F2-46C0-BD55-BC738E8B9D89}.Debug|x86.ActiveCfg = Debug|Win32
		{18C37994-F2F2-46C0-BD55-BC738E8B9D89}.Debug|x86.Build.0 = Debug|Win32
		{18C37994-F2F2-46C0-BD55-BC738E8B9D89}.Release|Any CPU.ActiveCfg = Release|x64
		{18C37994-F2F2-46C0-BD55-BC738E8B9D89}.Release|Any CPU.Build.0 = Release|x64
		{18C37994-F2F2-46C0-BD55-BC738E8B9D89}.Release|x64.ActiveCfg = Release|x64
		{18C37994-F2F2-46C0-BD55-BC738E8B9D89}.Release|x64.Build.0 = Release|x64
		{18C37994-F2F2-46C0-BD55-BC738E8B9D89}.Release|x86.ActiveCfg = Release|Win32
		{18C37994-F2F2-46C0-BD55-BC738E8B9D89}.Release|x86.Build.0 = Release|Win32
		{E671B0D4-52F0-471B-90B4-8317946C3C26}.Debug|Any CPU.ActiveCfg = Debug|x64
		{E671B0D4-52F0-471B-90B4-8317946C3C26}.Debug|Any CPU.Build.0 = Debug|x64
		{E671B0D4-52F0-471B-90B4-8317946C3C26}.Debug|x64.ActiveCfg = Debug|x64
		{E671B0D4-52F0-471B-90B4-8317946C3C26}.Debug|x64.Build.0 = Debug|x64
		{E671B0D4-52F0-471B-90B4-8317946C3C26}.Debug|x86.ActiveCfg = Debug|Win32
		{E671B0D4-52F0-471B-90B4-8317946C3C26}.Debug|x86.Build.0 = Debug|Win32
		{E671B0D4-52F0-471B-90B4-8317946C3C26}.Release|Any CPU.ActiveCfg = Release|x64
		{E671B0D4-52F0-471B-90B4-8317946C3C26}.Release|Any CPU.Build.0 = Release|x64
		{E671B0D4-52F0-471B-90B4-8317946C3C26}.Release|x64.ActiveCfg = Release|x64
		{E671B0D4-52F0-471B-90B4-8317946C3C26}.Release|x64.Build.0 = Release|x64
		{E671B0D4-52F0-471B-90B4-8317946C3C26}.Release|x86.ActiveCfg = Release|Win32
		{E671B0D4-52F0-471B-90B4-8317946C3C26}.Release|x86.Build.0 = Release|Win32
		{EB58439B-1F16-4E81-B0B3-1E1E95AD4901}.Debug|Any CPU.ActiveCfg = Debug|x64
		{EB58439B-1F16-4E81-B0B3-1E1E95AD4901}.Debug|Any CPU.Build.0 = Debug|x64
		{EB58439B-1F16-4E81-B0B3-1E1E95AD4901}.Debug|x64.ActiveCfg = Debug|x64
		{EB58439B-1F16-4E81-B0B3-1E1E95AD4901}.Debug|x64.Build.0 = Debug|x64
		{EB58439B-1F16-4E81-B0B3-1E1E95AD4901}.Debug|x86.ActiveCfg = Debug|Win32
		{EB58439B-1F16-4E81-B0B3-1E1E95AD4901}.Debug|x86.Build.0 = Debug|Win32
		{EB58439B-1F16-4E81-B0B3-1E1E95AD4901}.Release|Any CPU.ActiveCfg = Release|x64
		{EB58439B-1F16-4E81-B0B3-1E1E95AD4901}.Release|Any CPU.Build.0 = Release|x64
		{EB58439B-1F16-4E81-B0B3-1E1E95AD4901}.Release|x64.ActiveCfg = Release|x64
		{EB58439B-1F16-4E81-B0B3-1E1E95AD4901}.Release|x64.Build.0 = Release|x64
		{EB58439B-1F16-4E81-B0B3-1E1E95AD4901}.Release|x86.ActiveCfg = Release|Win32
		{EB58439B-1F16-4E81-B0B3-1E1E95AD4901}.Release|x86.Build.0 = Release|Win32
		{3D3CC439-AABC-4565-99C8-9C53F425380C}.Debug|Any CPU.ActiveCfg = Debug|x64
		{3D3CC439-AABC-4565-99C8-9C53F425380C}.Debug|Any CPU.Build.0 = Debug|x64
		{3D3CC439-AABC-4565-99C8-9C53F425380C}.Debug|x64.ActiveCfg = Debug|x64
		{3D3CC439-AABC-4565-99C8-9C53F425380C}.Debug|x64.Build.0 = Debug|x64
		{3D3CC439-AABC-4565-99C8-9C53F425380C}.Debug|x86.ActiveCfg = Debug|Win32
		{3D3CC439-AABC-4565-99C8-9C53F425380C}.Debug|x86.Build.0 = Debug|Win32
		{3D3CC439-AABC-4565-99C8-9C53F425380C}.Release|Any CPU.ActiveCfg = Release|x64
		{3D3CC439-AABC-4565-99C8-9C53F425380C}.Release|Any CPU.Build.0 = Release|x64
		{3D3CC439-AABC-4565-99C8-9C53F425380C}.Release|x64.ActiveCfg = Release|x64
		{3D3CC439-AABC-4565-99C8-9C53F425380C}.Release|x64.Build.0 = Release|x64
		{3D3CC439-AABC-4565-99C8-9C53F425380C}.Release|x86.ActiveCfg = Release|Win32
		{3D3CC439-AABC-4565-99C8-9C53F425380C}.Release|x86.Build.0 = Release|Win32
		{6D47AFC7-0557-4BBF-8902-B248F3621419}.Debug|Any CPU.ActiveCfg = Debug|x64
		{6D47AFC7-0557-4BBF-8902-B248F3621419}.Debug|Any CPU.Build.0 = Debug|x64
		{6D47AFC7-0557-4BBF-8902-B248F3621419}.Debug|x64.ActiveCfg = Debug|x64
		{6D47AFC7-0557-4BBF-8902-B248F3621419}.Debug|x64.Build.0 = Debug|x64
		{6D47AFC7-0557-4BBF-8902-B248F3621419}.Debug|x86.ActiveCfg = Debug|Win32
		{6D47AFC7-0557-4BBF-8902-B248F3621419}.Debug|x86.Build.0 = Debug|Win32
		{6D47AFC7-0557-4BBF-8902-B248F3621419}.Release|Any CPU.ActiveCfg = Release|x64
		{6D47AFC7-0557-4BBF-8902-B248F3621419}.Release|Any CPU.Build.0 = Release|x64
		{6D47AFC7-0557-4BBF-8902-B248F3621419}.Release|x64.ActiveCfg = Release|x64
		{6D47AFC7-0557-4BBF-8902-B248F3621419}.Release|x64.Build.0 = Release|x64
		{6D47AFC7-0557-4BBF-8902-B248F3621419}.Release|x86.ActiveCfg = Release|Win32
		{6D47AFC7-0557-4BBF-8902-B248F3621419}.Release|x86.Build.0 = Release|Win32
		{3145D38A-574B-4841-8AA9-CCD160B95124}.Debug|Any CPU.ActiveCfg = Debug|x64
		{3145D38A-574B-4841-8AA9-CCD160B95124}.Debug|Any CPU.Build.0 = Debug|x64
		{3145D38A-574B-4841-8AA9-CCD160B95124}.Debug|x64.ActiveCfg = Debug|x64
		{3145D38A-574B-4841-8AA9-CCD160B95124}.Debug|x64.Build.0 = Debug|x64
		{3145D38A-574B-4841-8AA9-CCD160B95124}.Debug|x86.ActiveCfg = Debug|Win32
		{3145D38A-574B-4841-8AA9-CCD160B95124}.Debug|x86.Build.0 = Debug|Win32
		{3145D38A-574B-4841-8AA9-CCD160B95124}.Release|Any CPU.ActiveCfg = Release|x64
		{3145D38A-574B-4841-8AA9-CCD160B95124}.Release|Any CPU.Build.0 = Release|x64
		{3145D38A-574B-4841-8AA9-CCD160B95124}.Release|x64.ActiveCfg = Release|x64
		{3145D38A-574B-4841-8AA9-CCD160B95124}.Release|x64.Build.0 = Release|x64
		{3145D38A-574B-4841-8AA9-CCD160B95124}.Release|x86.ActiveCfg = Release|Win32
		{3145D38A-574B-4841-8AA9-CCD160B95124}.Release|x86.Build.0 = Release|Win32
		{9187BE98-531A-4276-B78E-DBA3C8AB8447}.Debug|Any CPU.ActiveCfg = Debug|x64
		{9187BE98-531A-4276-B78E-DBA3C8AB8447}.Debug|Any CPU.Build.0 = Debug|x64
		{9187BE98-531A-4276-B78E-DBA3C8AB8447}.Debug|x64.ActiveCfg = Debug|x64
		{9187BE98-531A-4276-B78E-DBA3C8AB8447}.Debug|x64.Build.0 = Debug|x64
		{9187BE98-531A-4276-B78E-DBA3C8AB8447}.Debug|x86.ActiveCfg = Debug|Win32
		{9187BE98-531A-4276-B78E-DBA3C8AB8447}.Debug|x86.Build.0 = Debug|Win32
		{9187BE98-531A-4276-B78E-DBA3C8AB8447}.Release|Any CPU.ActiveCfg = Release|x64
		{9187BE98-531A-4276-B78E-DBA3C8AB8447}.Release|Any CPU.Build.0 = Release|x64
		{9187BE98-531A-4276-B78E-DBA3C8AB8447}.Release|x64.ActiveCfg = Release|x64
		{9187BE98-531A-4276-B78E-DBA3C8AB8447}.Release|x64.Build.0 = Release|x64
		{9187BE98-531A-4276-B78E-DBA3C8AB8447}.Release|x86.ActiveCfg = Release|Win32
		{9187BE98-531A-4276-B78E-DBA3C8AB8447}.Release|x86.Build.0 = Release|Win32
		{DCC5B76D-BE13-4D1F-BE14-75D0FA678340}.Debug|Any CPU.ActiveCfg = Debug|x64
		{DCC5B76D-BE13-4D1F-BE14-75D0FA678340}.Debug|Any CPU.Build.0 = Debug|x64
		{DCC5B76D-BE13-4D1F-BE14-75D0FA678340}.Debug|x64.ActiveCfg = Debug|x64
		{DCC5B76D-BE13-4D1F-BE14-75D0FA678340}.Debug|x64.Build.0 = Debug|x64
		{DCC5B76D-BE13-4D1F-BE14-75D0FA678340}.Debug|x86.ActiveCfg = Debug|Win32
		{DCC5B76D-BE13-4D1F-BE14-75D0FA678340}.Debug|x86.Build.0 = Debug|Win32
		{DCC5B76D-BE13-4D1F-BE14-75D0FA678340}.Release|Any CPU.ActiveCfg = Release|x64
		{DCC5B76D-BE13-4D1F-BE14-75D0FA678340}.Release|Any CPU.Build.0 = Release|x64
		{DCC5B76D-BE13-4D1F-BE14-75D0FA678340}.Release|x64.ActiveCfg = Release|x64
		{DCC5B76D-BE13-4D1F-BE14-75D0FA678340}.Release|x64.Build.0 = Release|x64
		{DCC5B76D-BE13-4D1F-BE14-75D0FA678340}.Release|x86.ActiveCfg = Release|Win32
		{DCC5B76D-BE13-4D1F-BE14-75D0FA678340}.Release|x86.Build.0 = Release|Win32
		{FB040F9F-8344-43DA-A4D6-1C8A9D5DBC59}.Debug|Any CPU.ActiveCfg = Debug|x64
		{FB040F9F-8344-43DA-A4D6-1C8A9D5DBC59}.Debug|Any CPU.Build.0 = Debug|x64
		{FB040F9F-8344-43DA-A4D6-1C8A9D5DBC59}.Debug|x64.ActiveCfg = Debug|x64
		{FB040F9F-8344-43DA-A4D6-1C8A9D5DBC59}.Debug|x64.Build.0 = Debug|x64
		{FB040F9F-8344-43DA-A4D6-1C8A9D5DBC59}.Debug|x86.ActiveCfg = Debug|Win32
		{FB040F9F-8344-43DA-A4D6-1C8A9D5DBC59}.Debug|x86.Build.0 = Debug|Win32
		{FB040F9F-8344-43DA-A4D6-1C8A9D5DBC59}.Release|Any CPU.ActiveCfg = Release|x64
		{FB040F9F-8344-43DA-A4D6-1C8A9D5DBC59}.Release|Any CPU.Build.0 = Release|x64
		{FB040F9F-8344-43DA-A4D6-1C8A9D5DBC59}.Release|x64.ActiveCfg = Release|x64
		{FB040F9F-8344-43DA-A4D6-1C8A9D5DBC59}.Release|x64.Build.0 = Release|x64
		{FB040F9F-8344-43DA-A4D6-1C8A9D5DBC59}.Release|x86.ActiveCfg = Release|Win32
		{FB040F9F-8344-43DA-A4D6-1C8A9D5DBC59}.Release|x86.Build.0 = Release|Win32
		{F4CD3B2B-16E4-47EF-80A9-B7D20DFC3713}.Debug|Any CPU.ActiveCfg = Debug|x64
		{F4CD3B2B-16E4-47EF-80A9-B7D20DFC3713}.Debug|Any CPU.Build.0 = Debug|x64
		{F4CD3B2B-16E4-47EF-80A9-B7D20DFC3713}.Debug|x64.ActiveCfg = Debug|x64
		{F4CD3B2B-16E4-47EF-80A9-B7D20DFC3713}.Debug|x64.Build.0 = Debug|x64
		{F4CD3B2B-16E4-47EF-80A9-B7D20DFC3713}.Debug|x86.ActiveCfg = Debug|Win32
		{F4CD3B2B-16E4-47EF-80A9-B7D20DFC3713}.Debug|x86.Build.0 = Debug|Win32
		{F4CD3B2B-16E4-47EF-80A9-B7D20DFC3713}.Release|Any CPU.ActiveCfg = Release|x64
		{F4CD3B2B-16E4-47EF-80A9-B7D20DFC3713}.Release|Any CPU.Build.0 = Release|x64
		{F4CD3B2B-16E4-47EF-80A9-B7D20DFC3713}.Release|x64.ActiveCfg = Release|x64
		{F4CD3B2B-16E4-47EF-80A9-B7D20DFC3713}.Release|x64.Build.0 = Release|x64
		{F4CD3B2B-16E4-47EF-80A9-B7D20DFC3713}.Release|x86.ActiveCfg = Release|Win32
		{F4CD3B2B-16E4-47EF-80A9-B7D20DFC3713}.Release|x86.Build.0 = Release|Win32
		{7C119635-1963-4547-B345-CB7ED7EB2EE4}.Debug|Any CPU.ActiveCfg = Debug|x64
		{7C119635-1963-4547-B345-CB7ED7EB2EE4}.Debug|Any CPU.Build.0 = Debug|x64
		{7C119635-1963-4547-B345-CB7ED7EB2EE4}.Debug|x64.ActiveCfg = Debug|x64
		{7C119635-1963-4547-B345-CB7ED7EB2EE4}.Debug|x64.Build.0 = Debug|x64
		{7C119635-1963-4547-B345-CB7ED7EB2EE4}.Debug|x86.ActiveCfg = Debug|Win32
		{7C119635-1963-4547-B345-CB7ED7EB2EE4}.Debug|x86.Build.0 = Debug|Win32
		{7C119635-1963-4547-B345-CB7ED7EB2EE4}.Release|Any CPU.ActiveCfg = Release|x64
		{7C119635-1963-4547-B345-CB7ED7EB2EE4}.Release|Any CPU.Build.0 = Release|x64
		{7C119635-1963-4547-B345-CB7ED7EB2EE4}.Release|x64.ActiveCfg = Release|x64
		{7C119635-1963-4547-B345-CB7ED7EB2EE4}.Release|x64.Build.0 = Release|x64
		{7C119635-1963-4547-B345-CB7ED7EB2EE4}.Release|x86.ActiveCfg = Release|Win32
		{7C119635-1963-4547-B345-CB7ED7EB2EE4}.Release|x86.Build.0 = Release|Win32
		{7E28883C-DB86-4EE8-813A-991BA20C68C9}.Debug|Any CPU.ActiveCfg = Debug|x64
		{7E28883C-DB86-4EE8-813A-991BA20C68C9}.Debug|Any CPU.Build.0 = Debug|x64
		{7E28883C-DB86-4EE8-813A-991BA20C68C9}.Debug|x64.ActiveCfg = Debug|x64
		{7E28883C-DB86-4EE8-813A-991BA20C68C9}.Debug|x64.Build.0 = Debug|x64
		{7E28883C-DB86-4EE8-813A-991BA20C68C9}.Debug|x86.ActiveCfg = Debug|Win32
		{7E28883C-DB86-4EE8-813A-991BA20C68C9}.Debug|x86.Build.0 = Debug|Win32
		{7E28883C-DB86-4EE8-813A-991BA20C68C9}.Release|Any CPU.ActiveCfg = Release|x64
		{7E28883C-DB86-4EE8-813A-991BA20C68C9}.Release|Any CPU.Build.0 = Release|x64
		{7E28883C-DB86-4EE8-813A-991BA20C68C9}.Release|x64.ActiveCfg = Release|x64
		{7E28883C-DB86-4EE8-813A-991BA20C68C9}.Release|x64.Build.0 = Release|x64
		{7E28883C-DB86-4EE8-813A-991BA20C68C9}.Release|x86.ActiveCfg = Release|Win32
		{7E28883C-DB86-4EE8-813A-991BA20C68C9}.Release|x86.Build.0 = Release|Win32
		{02F33C82-43EE-4A2D-962A-74C3CA6A4FBC}.Debug|Any CPU.ActiveCfg = Debug|Any CPU
		{02F33C82-43EE-4A2D-962A-74C3CA6A4FBC}.Debug|Any CPU.Build.0 = Debug|Any CPU
		{02F33C82-43EE-4A2D-962A-74C3CA6A4FBC}.Debug|x64.ActiveCfg = Debug|x64
		{02F33C82-43EE-4A2D-962A-74C3CA6A4FBC}.Debug|x64.Build.0 = Debug|x64
		{02F33C82-43EE-4A2D-962A-74C3CA6A4FBC}.Debug|x86.ActiveCfg = Debug|Any CPU
		{02F33C82-43EE-4A2D-962A-74C3CA6A4FBC}.Debug|x86.Build.0 = Debug|Any CPU
		{02F33C82-43EE-4A2D-962A-74C3CA6A4FBC}.Release|Any CPU.ActiveCfg = Release|Any CPU
		{02F33C82-43EE-4A2D-962A-74C3CA6A4FBC}.Release|Any CPU.Build.0 = Release|Any CPU
		{02F33C82-43EE-4A2D-962A-74C3CA6A4FBC}.Release|x64.ActiveCfg = Release|x64
		{02F33C82-43EE-4A2D-962A-74C3CA6A4FBC}.Release|x64.Build.0 = Release|x64
		{02F33C82-43EE-4A2D-962A-74C3CA6A4FBC}.Release|x86.ActiveCfg = Release|Any CPU
		{02F33C82-43EE-4A2D-962A-74C3CA6A4FBC}.Release|x86.Build.0 = Release|Any CPU
	EndGlobalSection
	GlobalSection(SolutionProperties) = preSolution
		HideSolutionNode = FALSE
	EndGlobalSection
	GlobalSection(NestedProjects) = preSolution
		{18C37994-F2F2-46C0-BD55-BC738E8B9D89} = {DBF1D802-5CE5-45B8-8426-4634FC4D4FAA}
		{EB58439B-1F16-4E81-B0B3-1E1E95AD4901} = {DBF1D802-5CE5-45B8-8426-4634FC4D4FAA}
		{6D47AFC7-0557-4BBF-8902-B248F3621419} = {22F340B9-8190-4BE3-B3E7-F7BCAA0796B3}
		{3145D38A-574B-4841-8AA9-CCD160B95124} = {22F340B9-8190-4BE3-B3E7-F7BCAA0796B3}
		{9187BE98-531A-4276-B78E-DBA3C8AB8447} = {22F340B9-8190-4BE3-B3E7-F7BCAA0796B3}
		{DCC5B76D-BE13-4D1F-BE14-75D0FA678340} = {22F340B9-8190-4BE3-B3E7-F7BCAA0796B3}
		{FB040F9F-8344-43DA-A4D6-1C8A9D5DBC59} = {22F340B9-8190-4BE3-B3E7-F7BCAA0796B3}
		{7C119635-1963-4547-B345-CB7ED7EB2EE4} = {22F340B9-8190-4BE3-B3E7-F7BCAA0796B3}
		{7E28883C-DB86-4EE8-813A-991BA20C68C9} = {22F340B9-8190-4BE3-B3E7-F7BCAA0796B3}
	EndGlobalSection
	GlobalSection(ExtensibilityGlobals) = postSolution
		SolutionGuid = {ACCA3F9B-B3D4-4B37-9305-54D65FCA9A84}
	EndGlobalSection
EndGlobal
