
Microsoft Visual Studio Solution File, Format Version 12.00
# Visual Studio Version 17
VisualStudioVersion = 17.0.32112.339
MinimumVisualStudioVersion = 10.0.40219.1
Project("{8BC9CEB8-8B4A-11D0-8D11-00A0C91BC942}") = "XrCore", "XrCore\XrCore.vcxproj", "{DA642D7C-4FFF-43DC-98F8-3F96CAF1E4BA}"
EndProject
Project("{8BC9CEB8-8B4A-11D0-8D11-00A0C91BC942}") = "XrAPI", "XrAPI\XrAPI.vcxproj", "{FF16EF0A-8A51-4C36-9213-4AA87CB4B317}"
EndProject
Project("{2150E333-8FDC-42A3-9474-1A3956D46DE8}") = "Editors", "Editors", "{22F340B9-8190-4BE3-B3E7-F7BCAA0796B3}"
EndProject
Project("{8BC9CEB8-8B4A-11D0-8D11-00A0C91BC942}") = "Object Editor", "Editors\ActorEditor\ActorEditor.vcxproj", "{3145D38A-574B-4841-8AA9-CCD160B95124}"
EndProject
Project("{8BC9CEB8-8B4A-11D0-8D11-00A0C91BC942}") = "XrECore", "Editors\XrECore\XrECore.vcxproj", "{9187BE98-531A-4276-B78E-DBA3C8AB8447}"
EndProject
Project("{8BC9CEB8-8B4A-11D0-8D11-00A0C91BC942}") = "FreeMagic", "Editors\FreeMagic\FreeMagic.vcxproj", "{DCC5B76D-BE13-4D1F-BE14-75D0FA678340}"
EndProject
Project("{8BC9CEB8-8B4A-11D0-8D11-00A0C91BC942}") = "XrQSlim", "Editors\XrQSlim\XrQSlim.vcxproj", "{F4CD3B2B-16E4-47EF-80A9-B7D20DFC3713}"
EndProject
Project("{FAE04EC0-301F-11D3-BF4B-00C04F79EFBC}") = "Object tool", "App\Object tool.csproj", "{02F33C82-43EE-4A2D-962A-74C3CA6A4FBC}"
EndProject
Project("{2150E333-8FDC-42A3-9474-1A3956D46DE8}") = "BearBundle", "BearBundle", "{653FF293-8663-4095-86FB-28183EB0634B}"
EndProject
Project("{8BC9CEB8-8B4A-11D0-8D11-00A0C91BC942}") = "zlib", "BearBundle\External\zlib\zlib.vcxproj", "{86D28925-9F85-43EC-980E-E99D7FF2501C}"
EndProject
Project("{8BC9CEB8-8B4A-11D0-8D11-00A0C91BC942}") = "tinyxml", "BearBundle\External\tinyxml\tinyxml.vcxproj", "{1A12288A-CB9A-43FD-BDA5-BF903AF5B600}"
EndProject
Project("{8BC9CEB8-8B4A-11D0-8D11-00A0C91BC942}") = "nvtt", "BearBundle\External\nvtt\nvtt.vcxproj", "{32A26599-1A59-4866-8C03-1EA6E790405A}"
EndProject
Project("{8BC9CEB8-8B4A-11D0-8D11-00A0C91BC942}") = "lzo", "BearBundle\External\lzo\lzo.vcxproj", "{C9135C7E-B0E9-4118-B23E-3E10312BBD4E}"
EndProject
Project("{8BC9CEB8-8B4A-11D0-8D11-00A0C91BC942}") = "IntelCompressor", "BearBundle\External\IntelCompressor\IntelCompressor.vcxproj", "{4C532527-AB2E-4D93-8B18-F5EB3A0980D3}"
EndProject
Project("{8BC9CEB8-8B4A-11D0-8D11-00A0C91BC942}") = "BearGraphics", "BearBundle\BearGraphics\Platform\Desktop\BearGraphics.vcxproj", "{3B75536D-008D-4495-9FE8-C7AE79AC6898}"
EndProject
Project("{8BC9CEB8-8B4A-11D0-8D11-00A0C91BC942}") = "BearCore", "BearBundle\BearCore\Platform\Desktop\BearCore.vcxproj", "{86B65138-C85E-4C26-967B-9A21EB954216}"
EndProject
Global
	GlobalSection(SolutionConfigurationPlatforms) = preSolution
		Debug|Any CPU = Debug|Any CPU
		Debug|x64 = Debug|x64
		Debug|x86 = Debug|x86
		Mixed|Any CPU = Mixed|Any CPU
		Mixed|x64 = Mixed|x64
		Mixed|x86 = Mixed|x86
		Release|Any CPU = Release|Any CPU
		Release|x64 = Release|x64
		Release|x86 = Release|x86
	EndGlobalSection
	GlobalSection(ProjectConfigurationPlatforms) = postSolution
		{DA642D7C-4FFF-43DC-98F8-3F96CAF1E4BA}.Debug|Any CPU.ActiveCfg = Debug|x64
		{DA642D7C-4FFF-43DC-98F8-3F96CAF1E4BA}.Debug|Any CPU.Build.0 = Debug|x64
		{DA642D7C-4FFF-43DC-98F8-3F96CAF1E4BA}.Debug|x64.ActiveCfg = Debug|x64
		{DA642D7C-4FFF-43DC-98F8-3F96CAF1E4BA}.Debug|x64.Build.0 = Debug|x64
		{DA642D7C-4FFF-43DC-98F8-3F96CAF1E4BA}.Debug|x86.ActiveCfg = Debug|Win32
		{DA642D7C-4FFF-43DC-98F8-3F96CAF1E4BA}.Debug|x86.Build.0 = Debug|Win32
		{DA642D7C-4FFF-43DC-98F8-3F96CAF1E4BA}.Mixed|Any CPU.ActiveCfg = Release|x64
		{DA642D7C-4FFF-43DC-98F8-3F96CAF1E4BA}.Mixed|Any CPU.Build.0 = Release|x64
		{DA642D7C-4FFF-43DC-98F8-3F96CAF1E4BA}.Mixed|x64.ActiveCfg = Release|x64
		{DA642D7C-4FFF-43DC-98F8-3F96CAF1E4BA}.Mixed|x64.Build.0 = Release|x64
		{DA642D7C-4FFF-43DC-98F8-3F96CAF1E4BA}.Mixed|x86.ActiveCfg = Release|Win32
		{DA642D7C-4FFF-43DC-98F8-3F96CAF1E4BA}.Mixed|x86.Build.0 = Release|Win32
		{DA642D7C-4FFF-43DC-98F8-3F96CAF1E4BA}.Release|Any CPU.ActiveCfg = Release|x64
		{DA642D7C-4FFF-43DC-98F8-3F96CAF1E4BA}.Release|Any CPU.Build.0 = Release|x64
		{DA642D7C-4FFF-43DC-98F8-3F96CAF1E4BA}.Release|x64.ActiveCfg = Release|x64
		{DA642D7C-4FFF-43DC-98F8-3F96CAF1E4BA}.Release|x64.Build.0 = Release|x64
		{DA642D7C-4FFF-43DC-98F8-3F96CAF1E4BA}.Release|x86.ActiveCfg = Release|Win32
		{DA642D7C-4FFF-43DC-98F8-3F96CAF1E4BA}.Release|x86.Build.0 = Release|Win32
		{FF16EF0A-8A51-4C36-9213-4AA87CB4B317}.Debug|Any CPU.ActiveCfg = Debug|x64
		{FF16EF0A-8A51-4C36-9213-4AA87CB4B317}.Debug|Any CPU.Build.0 = Debug|x64
		{FF16EF0A-8A51-4C36-9213-4AA87CB4B317}.Debug|x64.ActiveCfg = Debug|x64
		{FF16EF0A-8A51-4C36-9213-4AA87CB4B317}.Debug|x64.Build.0 = Debug|x64
		{FF16EF0A-8A51-4C36-9213-4AA87CB4B317}.Debug|x86.ActiveCfg = Debug|Win32
		{FF16EF0A-8A51-4C36-9213-4AA87CB4B317}.Debug|x86.Build.0 = Debug|Win32
		{FF16EF0A-8A51-4C36-9213-4AA87CB4B317}.Mixed|Any CPU.ActiveCfg = Release|x64
		{FF16EF0A-8A51-4C36-9213-4AA87CB4B317}.Mixed|Any CPU.Build.0 = Release|x64
		{FF16EF0A-8A51-4C36-9213-4AA87CB4B317}.Mixed|x64.ActiveCfg = Release|x64
		{FF16EF0A-8A51-4C36-9213-4AA87CB4B317}.Mixed|x64.Build.0 = Release|x64
		{FF16EF0A-8A51-4C36-9213-4AA87CB4B317}.Mixed|x86.ActiveCfg = Release|Win32
		{FF16EF0A-8A51-4C36-9213-4AA87CB4B317}.Mixed|x86.Build.0 = Release|Win32
		{FF16EF0A-8A51-4C36-9213-4AA87CB4B317}.Release|Any CPU.ActiveCfg = Release|x64
		{FF16EF0A-8A51-4C36-9213-4AA87CB4B317}.Release|Any CPU.Build.0 = Release|x64
		{FF16EF0A-8A51-4C36-9213-4AA87CB4B317}.Release|x64.ActiveCfg = Release|x64
		{FF16EF0A-8A51-4C36-9213-4AA87CB4B317}.Release|x64.Build.0 = Release|x64
		{FF16EF0A-8A51-4C36-9213-4AA87CB4B317}.Release|x86.ActiveCfg = Release|Win32
		{FF16EF0A-8A51-4C36-9213-4AA87CB4B317}.Release|x86.Build.0 = Release|Win32
		{3145D38A-574B-4841-8AA9-CCD160B95124}.Debug|Any CPU.ActiveCfg = Debug|x64
		{3145D38A-574B-4841-8AA9-CCD160B95124}.Debug|Any CPU.Build.0 = Debug|x64
		{3145D38A-574B-4841-8AA9-CCD160B95124}.Debug|x64.ActiveCfg = Debug|x64
		{3145D38A-574B-4841-8AA9-CCD160B95124}.Debug|x64.Build.0 = Debug|x64
		{3145D38A-574B-4841-8AA9-CCD160B95124}.Debug|x86.ActiveCfg = Debug|Win32
		{3145D38A-574B-4841-8AA9-CCD160B95124}.Debug|x86.Build.0 = Debug|Win32
		{3145D38A-574B-4841-8AA9-CCD160B95124}.Mixed|Any CPU.ActiveCfg = Release|x64
		{3145D38A-574B-4841-8AA9-CCD160B95124}.Mixed|Any CPU.Build.0 = Release|x64
		{3145D38A-574B-4841-8AA9-CCD160B95124}.Mixed|x64.ActiveCfg = Release|x64
		{3145D38A-574B-4841-8AA9-CCD160B95124}.Mixed|x64.Build.0 = Release|x64
		{3145D38A-574B-4841-8AA9-CCD160B95124}.Mixed|x86.ActiveCfg = Release|Win32
		{3145D38A-574B-4841-8AA9-CCD160B95124}.Mixed|x86.Build.0 = Release|Win32
		{3145D38A-574B-4841-8AA9-CCD160B95124}.Release|Any CPU.ActiveCfg = Release|x64
		{3145D38A-574B-4841-8AA9-CCD160B95124}.Release|Any CPU.Build.0 = Release|x64
		{3145D38A-574B-4841-8AA9-CCD160B95124}.Release|x64.ActiveCfg = Release|x64
		{3145D38A-574B-4841-8AA9-CCD160B95124}.Release|x64.Build.0 = Release|x64
		{3145D38A-574B-4841-8AA9-CCD160B95124}.Release|x86.ActiveCfg = Release|Win32
		{3145D38A-574B-4841-8AA9-CCD160B95124}.Release|x86.Build.0 = Release|Win32
		{9187BE98-531A-4276-B78E-DBA3C8AB8447}.Debug|Any CPU.ActiveCfg = Debug|x64
		{9187BE98-531A-4276-B78E-DBA3C8AB8447}.Debug|Any CPU.Build.0 = Debug|x64
		{9187BE98-531A-4276-B78E-DBA3C8AB8447}.Debug|x64.ActiveCfg = Debug|x64
		{9187BE98-531A-4276-B78E-DBA3C8AB8447}.Debug|x64.Build.0 = Debug|x64
		{9187BE98-531A-4276-B78E-DBA3C8AB8447}.Debug|x86.ActiveCfg = Debug|Win32
		{9187BE98-531A-4276-B78E-DBA3C8AB8447}.Debug|x86.Build.0 = Debug|Win32
		{9187BE98-531A-4276-B78E-DBA3C8AB8447}.Mixed|Any CPU.ActiveCfg = Release|x64
		{9187BE98-531A-4276-B78E-DBA3C8AB8447}.Mixed|Any CPU.Build.0 = Release|x64
		{9187BE98-531A-4276-B78E-DBA3C8AB8447}.Mixed|x64.ActiveCfg = Release|x64
		{9187BE98-531A-4276-B78E-DBA3C8AB8447}.Mixed|x64.Build.0 = Release|x64
		{9187BE98-531A-4276-B78E-DBA3C8AB8447}.Mixed|x86.ActiveCfg = Release|Win32
		{9187BE98-531A-4276-B78E-DBA3C8AB8447}.Mixed|x86.Build.0 = Release|Win32
		{9187BE98-531A-4276-B78E-DBA3C8AB8447}.Release|Any CPU.ActiveCfg = Release|x64
		{9187BE98-531A-4276-B78E-DBA3C8AB8447}.Release|Any CPU.Build.0 = Release|x64
		{9187BE98-531A-4276-B78E-DBA3C8AB8447}.Release|x64.ActiveCfg = Release|x64
		{9187BE98-531A-4276-B78E-DBA3C8AB8447}.Release|x64.Build.0 = Release|x64
		{9187BE98-531A-4276-B78E-DBA3C8AB8447}.Release|x86.ActiveCfg = Release|Win32
		{9187BE98-531A-4276-B78E-DBA3C8AB8447}.Release|x86.Build.0 = Release|Win32
		{DCC5B76D-BE13-4D1F-BE14-75D0FA678340}.Debug|Any CPU.ActiveCfg = Debug|x64
		{DCC5B76D-BE13-4D1F-BE14-75D0FA678340}.Debug|Any CPU.Build.0 = Debug|x64
		{DCC5B76D-BE13-4D1F-BE14-75D0FA678340}.Debug|x64.ActiveCfg = Debug|x64
		{DCC5B76D-BE13-4D1F-BE14-75D0FA678340}.Debug|x64.Build.0 = Debug|x64
		{DCC5B76D-BE13-4D1F-BE14-75D0FA678340}.Debug|x86.ActiveCfg = Debug|Win32
		{DCC5B76D-BE13-4D1F-BE14-75D0FA678340}.Debug|x86.Build.0 = Debug|Win32
		{DCC5B76D-BE13-4D1F-BE14-75D0FA678340}.Mixed|Any CPU.ActiveCfg = Release|x64
		{DCC5B76D-BE13-4D1F-BE14-75D0FA678340}.Mixed|Any CPU.Build.0 = Release|x64
		{DCC5B76D-BE13-4D1F-BE14-75D0FA678340}.Mixed|x64.ActiveCfg = Release|x64
		{DCC5B76D-BE13-4D1F-BE14-75D0FA678340}.Mixed|x64.Build.0 = Release|x64
		{DCC5B76D-BE13-4D1F-BE14-75D0FA678340}.Mixed|x86.ActiveCfg = Release|Win32
		{DCC5B76D-BE13-4D1F-BE14-75D0FA678340}.Mixed|x86.Build.0 = Release|Win32
		{DCC5B76D-BE13-4D1F-BE14-75D0FA678340}.Release|Any CPU.ActiveCfg = Release|x64
		{DCC5B76D-BE13-4D1F-BE14-75D0FA678340}.Release|Any CPU.Build.0 = Release|x64
		{DCC5B76D-BE13-4D1F-BE14-75D0FA678340}.Release|x64.ActiveCfg = Release|x64
		{DCC5B76D-BE13-4D1F-BE14-75D0FA678340}.Release|x64.Build.0 = Release|x64
		{DCC5B76D-BE13-4D1F-BE14-75D0FA678340}.Release|x86.ActiveCfg = Release|Win32
		{DCC5B76D-BE13-4D1F-BE14-75D0FA678340}.Release|x86.Build.0 = Release|Win32
		{F4CD3B2B-16E4-47EF-80A9-B7D20DFC3713}.Debug|Any CPU.ActiveCfg = Debug|x64
		{F4CD3B2B-16E4-47EF-80A9-B7D20DFC3713}.Debug|Any CPU.Build.0 = Debug|x64
		{F4CD3B2B-16E4-47EF-80A9-B7D20DFC3713}.Debug|x64.ActiveCfg = Debug|x64
		{F4CD3B2B-16E4-47EF-80A9-B7D20DFC3713}.Debug|x64.Build.0 = Debug|x64
		{F4CD3B2B-16E4-47EF-80A9-B7D20DFC3713}.Debug|x86.ActiveCfg = Debug|Win32
		{F4CD3B2B-16E4-47EF-80A9-B7D20DFC3713}.Debug|x86.Build.0 = Debug|Win32
		{F4CD3B2B-16E4-47EF-80A9-B7D20DFC3713}.Mixed|Any CPU.ActiveCfg = Release|x64
		{F4CD3B2B-16E4-47EF-80A9-B7D20DFC3713}.Mixed|Any CPU.Build.0 = Release|x64
		{F4CD3B2B-16E4-47EF-80A9-B7D20DFC3713}.Mixed|x64.ActiveCfg = Release|x64
		{F4CD3B2B-16E4-47EF-80A9-B7D20DFC3713}.Mixed|x64.Build.0 = Release|x64
		{F4CD3B2B-16E4-47EF-80A9-B7D20DFC3713}.Mixed|x86.ActiveCfg = Release|Win32
		{F4CD3B2B-16E4-47EF-80A9-B7D20DFC3713}.Mixed|x86.Build.0 = Release|Win32
		{F4CD3B2B-16E4-47EF-80A9-B7D20DFC3713}.Release|Any CPU.ActiveCfg = Release|x64
		{F4CD3B2B-16E4-47EF-80A9-B7D20DFC3713}.Release|Any CPU.Build.0 = Release|x64
		{F4CD3B2B-16E4-47EF-80A9-B7D20DFC3713}.Release|x64.ActiveCfg = Release|x64
		{F4CD3B2B-16E4-47EF-80A9-B7D20DFC3713}.Release|x64.Build.0 = Release|x64
		{F4CD3B2B-16E4-47EF-80A9-B7D20DFC3713}.Release|x86.ActiveCfg = Release|Win32
		{F4CD3B2B-16E4-47EF-80A9-B7D20DFC3713}.Release|x86.Build.0 = Release|Win32
		{02F33C82-43EE-4A2D-962A-74C3CA6A4FBC}.Debug|Any CPU.ActiveCfg = Debug|Any CPU
		{02F33C82-43EE-4A2D-962A-74C3CA6A4FBC}.Debug|Any CPU.Build.0 = Debug|Any CPU
		{02F33C82-43EE-4A2D-962A-74C3CA6A4FBC}.Debug|x64.ActiveCfg = Debug|x64
		{02F33C82-43EE-4A2D-962A-74C3CA6A4FBC}.Debug|x64.Build.0 = Debug|x64
		{02F33C82-43EE-4A2D-962A-74C3CA6A4FBC}.Debug|x86.ActiveCfg = Debug|Any CPU
		{02F33C82-43EE-4A2D-962A-74C3CA6A4FBC}.Debug|x86.Build.0 = Debug|Any CPU
		{02F33C82-43EE-4A2D-962A-74C3CA6A4FBC}.Mixed|Any CPU.ActiveCfg = Release|Any CPU
		{02F33C82-43EE-4A2D-962A-74C3CA6A4FBC}.Mixed|Any CPU.Build.0 = Release|Any CPU
		{02F33C82-43EE-4A2D-962A-74C3CA6A4FBC}.Mixed|x64.ActiveCfg = Release|x64
		{02F33C82-43EE-4A2D-962A-74C3CA6A4FBC}.Mixed|x64.Build.0 = Release|x64
		{02F33C82-43EE-4A2D-962A-74C3CA6A4FBC}.Mixed|x86.ActiveCfg = Release|Any CPU
		{02F33C82-43EE-4A2D-962A-74C3CA6A4FBC}.Mixed|x86.Build.0 = Release|Any CPU
		{02F33C82-43EE-4A2D-962A-74C3CA6A4FBC}.Release|Any CPU.ActiveCfg = Release|Any CPU
		{02F33C82-43EE-4A2D-962A-74C3CA6A4FBC}.Release|Any CPU.Build.0 = Release|Any CPU
		{02F33C82-43EE-4A2D-962A-74C3CA6A4FBC}.Release|x64.ActiveCfg = Release|x64
		{02F33C82-43EE-4A2D-962A-74C3CA6A4FBC}.Release|x64.Build.0 = Release|x64
		{02F33C82-43EE-4A2D-962A-74C3CA6A4FBC}.Release|x86.ActiveCfg = Release|Any CPU
		{02F33C82-43EE-4A2D-962A-74C3CA6A4FBC}.Release|x86.Build.0 = Release|Any CPU
		{86D28925-9F85-43EC-980E-E99D7FF2501C}.Debug|Any CPU.ActiveCfg = Debug|x64
		{86D28925-9F85-43EC-980E-E99D7FF2501C}.Debug|Any CPU.Build.0 = Debug|x64
		{86D28925-9F85-43EC-980E-E99D7FF2501C}.Debug|x64.ActiveCfg = Debug|x64
		{86D28925-9F85-43EC-980E-E99D7FF2501C}.Debug|x64.Build.0 = Debug|x64
		{86D28925-9F85-43EC-980E-E99D7FF2501C}.Debug|x86.ActiveCfg = Debug|Win32
		{86D28925-9F85-43EC-980E-E99D7FF2501C}.Debug|x86.Build.0 = Debug|Win32
		{86D28925-9F85-43EC-980E-E99D7FF2501C}.Mixed|Any CPU.ActiveCfg = Mixed|x64
		{86D28925-9F85-43EC-980E-E99D7FF2501C}.Mixed|Any CPU.Build.0 = Mixed|x64
		{86D28925-9F85-43EC-980E-E99D7FF2501C}.Mixed|x64.ActiveCfg = Mixed|x64
		{86D28925-9F85-43EC-980E-E99D7FF2501C}.Mixed|x64.Build.0 = Mixed|x64
		{86D28925-9F85-43EC-980E-E99D7FF2501C}.Mixed|x86.ActiveCfg = Mixed|Win32
		{86D28925-9F85-43EC-980E-E99D7FF2501C}.Mixed|x86.Build.0 = Mixed|Win32
		{86D28925-9F85-43EC-980E-E99D7FF2501C}.Release|Any CPU.ActiveCfg = Release|x64
		{86D28925-9F85-43EC-980E-E99D7FF2501C}.Release|Any CPU.Build.0 = Release|x64
		{86D28925-9F85-43EC-980E-E99D7FF2501C}.Release|x64.ActiveCfg = Release|x64
		{86D28925-9F85-43EC-980E-E99D7FF2501C}.Release|x64.Build.0 = Release|x64
		{86D28925-9F85-43EC-980E-E99D7FF2501C}.Release|x86.ActiveCfg = Release|Win32
		{86D28925-9F85-43EC-980E-E99D7FF2501C}.Release|x86.Build.0 = Release|Win32
		{1A12288A-CB9A-43FD-BDA5-BF903AF5B600}.Debug|Any CPU.ActiveCfg = Debug|x64
		{1A12288A-CB9A-43FD-BDA5-BF903AF5B600}.Debug|Any CPU.Build.0 = Debug|x64
		{1A12288A-CB9A-43FD-BDA5-BF903AF5B600}.Debug|x64.ActiveCfg = Debug|x64
		{1A12288A-CB9A-43FD-BDA5-BF903AF5B600}.Debug|x64.Build.0 = Debug|x64
		{1A12288A-CB9A-43FD-BDA5-BF903AF5B600}.Debug|x86.ActiveCfg = Debug|Win32
		{1A12288A-CB9A-43FD-BDA5-BF903AF5B600}.Debug|x86.Build.0 = Debug|Win32
		{1A12288A-CB9A-43FD-BDA5-BF903AF5B600}.Mixed|Any CPU.ActiveCfg = Mixed|x64
		{1A12288A-CB9A-43FD-BDA5-BF903AF5B600}.Mixed|Any CPU.Build.0 = Mixed|x64
		{1A12288A-CB9A-43FD-BDA5-BF903AF5B600}.Mixed|x64.ActiveCfg = Mixed|x64
		{1A12288A-CB9A-43FD-BDA5-BF903AF5B600}.Mixed|x64.Build.0 = Mixed|x64
		{1A12288A-CB9A-43FD-BDA5-BF903AF5B600}.Mixed|x86.ActiveCfg = Mixed|Win32
		{1A12288A-CB9A-43FD-BDA5-BF903AF5B600}.Mixed|x86.Build.0 = Mixed|Win32
		{1A12288A-CB9A-43FD-BDA5-BF903AF5B600}.Release|Any CPU.ActiveCfg = Release|x64
		{1A12288A-CB9A-43FD-BDA5-BF903AF5B600}.Release|Any CPU.Build.0 = Release|x64
		{1A12288A-CB9A-43FD-BDA5-BF903AF5B600}.Release|x64.ActiveCfg = Release|x64
		{1A12288A-CB9A-43FD-BDA5-BF903AF5B600}.Release|x64.Build.0 = Release|x64
		{1A12288A-CB9A-43FD-BDA5-BF903AF5B600}.Release|x86.ActiveCfg = Release|Win32
		{1A12288A-CB9A-43FD-BDA5-BF903AF5B600}.Release|x86.Build.0 = Release|Win32
		{32A26599-1A59-4866-8C03-1EA6E790405A}.Debug|Any CPU.ActiveCfg = Debug|x64
		{32A26599-1A59-4866-8C03-1EA6E790405A}.Debug|Any CPU.Build.0 = Debug|x64
		{32A26599-1A59-4866-8C03-1EA6E790405A}.Debug|x64.ActiveCfg = Debug|x64
		{32A26599-1A59-4866-8C03-1EA6E790405A}.Debug|x64.Build.0 = Debug|x64
		{32A26599-1A59-4866-8C03-1EA6E790405A}.Debug|x86.ActiveCfg = Debug|Win32
		{32A26599-1A59-4866-8C03-1EA6E790405A}.Debug|x86.Build.0 = Debug|Win32
		{32A26599-1A59-4866-8C03-1EA6E790405A}.Mixed|Any CPU.ActiveCfg = Mixed|x64
		{32A26599-1A59-4866-8C03-1EA6E790405A}.Mixed|Any CPU.Build.0 = Mixed|x64
		{32A26599-1A59-4866-8C03-1EA6E790405A}.Mixed|x64.ActiveCfg = Mixed|x64
		{32A26599-1A59-4866-8C03-1EA6E790405A}.Mixed|x64.Build.0 = Mixed|x64
		{32A26599-1A59-4866-8C03-1EA6E790405A}.Mixed|x86.ActiveCfg = Mixed|Win32
		{32A26599-1A59-4866-8C03-1EA6E790405A}.Mixed|x86.Build.0 = Mixed|Win32
		{32A26599-1A59-4866-8C03-1EA6E790405A}.Release|Any CPU.ActiveCfg = Release|x64
		{32A26599-1A59-4866-8C03-1EA6E790405A}.Release|Any CPU.Build.0 = Release|x64
		{32A26599-1A59-4866-8C03-1EA6E790405A}.Release|x64.ActiveCfg = Release|x64
		{32A26599-1A59-4866-8C03-1EA6E790405A}.Release|x64.Build.0 = Release|x64
		{32A26599-1A59-4866-8C03-1EA6E790405A}.Release|x86.ActiveCfg = Release|Win32
		{32A26599-1A59-4866-8C03-1EA6E790405A}.Release|x86.Build.0 = Release|Win32
		{C9135C7E-B0E9-4118-B23E-3E10312BBD4E}.Debug|Any CPU.ActiveCfg = Debug|x64
		{C9135C7E-B0E9-4118-B23E-3E10312BBD4E}.Debug|Any CPU.Build.0 = Debug|x64
		{C9135C7E-B0E9-4118-B23E-3E10312BBD4E}.Debug|x64.ActiveCfg = Debug|x64
		{C9135C7E-B0E9-4118-B23E-3E10312BBD4E}.Debug|x64.Build.0 = Debug|x64
		{C9135C7E-B0E9-4118-B23E-3E10312BBD4E}.Debug|x86.ActiveCfg = Debug|Win32
		{C9135C7E-B0E9-4118-B23E-3E10312BBD4E}.Debug|x86.Build.0 = Debug|Win32
		{C9135C7E-B0E9-4118-B23E-3E10312BBD4E}.Mixed|Any CPU.ActiveCfg = Mixed|x64
		{C9135C7E-B0E9-4118-B23E-3E10312BBD4E}.Mixed|Any CPU.Build.0 = Mixed|x64
		{C9135C7E-B0E9-4118-B23E-3E10312BBD4E}.Mixed|x64.ActiveCfg = Mixed|x64
		{C9135C7E-B0E9-4118-B23E-3E10312BBD4E}.Mixed|x64.Build.0 = Mixed|x64
		{C9135C7E-B0E9-4118-B23E-3E10312BBD4E}.Mixed|x86.ActiveCfg = Mixed|Win32
		{C9135C7E-B0E9-4118-B23E-3E10312BBD4E}.Mixed|x86.Build.0 = Mixed|Win32
		{C9135C7E-B0E9-4118-B23E-3E10312BBD4E}.Release|Any CPU.ActiveCfg = Release|x64
		{C9135C7E-B0E9-4118-B23E-3E10312BBD4E}.Release|Any CPU.Build.0 = Release|x64
		{C9135C7E-B0E9-4118-B23E-3E10312BBD4E}.Release|x64.ActiveCfg = Release|x64
		{C9135C7E-B0E9-4118-B23E-3E10312BBD4E}.Release|x64.Build.0 = Release|x64
		{C9135C7E-B0E9-4118-B23E-3E10312BBD4E}.Release|x86.ActiveCfg = Release|Win32
		{C9135C7E-B0E9-4118-B23E-3E10312BBD4E}.Release|x86.Build.0 = Release|Win32
		{4C532527-AB2E-4D93-8B18-F5EB3A0980D3}.Debug|Any CPU.ActiveCfg = Debug|x64
		{4C532527-AB2E-4D93-8B18-F5EB3A0980D3}.Debug|Any CPU.Build.0 = Debug|x64
		{4C532527-AB2E-4D93-8B18-F5EB3A0980D3}.Debug|x64.ActiveCfg = Debug|x64
		{4C532527-AB2E-4D93-8B18-F5EB3A0980D3}.Debug|x64.Build.0 = Debug|x64
		{4C532527-AB2E-4D93-8B18-F5EB3A0980D3}.Debug|x86.ActiveCfg = Debug|Win32
		{4C532527-AB2E-4D93-8B18-F5EB3A0980D3}.Debug|x86.Build.0 = Debug|Win32
		{4C532527-AB2E-4D93-8B18-F5EB3A0980D3}.Mixed|Any CPU.ActiveCfg = Mixed|x64
		{4C532527-AB2E-4D93-8B18-F5EB3A0980D3}.Mixed|Any CPU.Build.0 = Mixed|x64
		{4C532527-AB2E-4D93-8B18-F5EB3A0980D3}.Mixed|x64.ActiveCfg = Mixed|x64
		{4C532527-AB2E-4D93-8B18-F5EB3A0980D3}.Mixed|x64.Build.0 = Mixed|x64
		{4C532527-AB2E-4D93-8B18-F5EB3A0980D3}.Mixed|x86.ActiveCfg = Mixed|Win32
		{4C532527-AB2E-4D93-8B18-F5EB3A0980D3}.Mixed|x86.Build.0 = Mixed|Win32
		{4C532527-AB2E-4D93-8B18-F5EB3A0980D3}.Release|Any CPU.ActiveCfg = Release|x64
		{4C532527-AB2E-4D93-8B18-F5EB3A0980D3}.Release|Any CPU.Build.0 = Release|x64
		{4C532527-AB2E-4D93-8B18-F5EB3A0980D3}.Release|x64.ActiveCfg = Release|x64
		{4C532527-AB2E-4D93-8B18-F5EB3A0980D3}.Release|x64.Build.0 = Release|x64
		{4C532527-AB2E-4D93-8B18-F5EB3A0980D3}.Release|x86.ActiveCfg = Release|Win32
		{4C532527-AB2E-4D93-8B18-F5EB3A0980D3}.Release|x86.Build.0 = Release|Win32
		{3B75536D-008D-4495-9FE8-C7AE79AC6898}.Debug|Any CPU.ActiveCfg = Debug|x64
		{3B75536D-008D-4495-9FE8-C7AE79AC6898}.Debug|Any CPU.Build.0 = Debug|x64
		{3B75536D-008D-4495-9FE8-C7AE79AC6898}.Debug|x64.ActiveCfg = Debug|x64
		{3B75536D-008D-4495-9FE8-C7AE79AC6898}.Debug|x64.Build.0 = Debug|x64
		{3B75536D-008D-4495-9FE8-C7AE79AC6898}.Debug|x86.ActiveCfg = Debug|Win32
		{3B75536D-008D-4495-9FE8-C7AE79AC6898}.Debug|x86.Build.0 = Debug|Win32
		{3B75536D-008D-4495-9FE8-C7AE79AC6898}.Mixed|Any CPU.ActiveCfg = Mixed|x64
		{3B75536D-008D-4495-9FE8-C7AE79AC6898}.Mixed|Any CPU.Build.0 = Mixed|x64
		{3B75536D-008D-4495-9FE8-C7AE79AC6898}.Mixed|x64.ActiveCfg = Mixed|x64
		{3B75536D-008D-4495-9FE8-C7AE79AC6898}.Mixed|x64.Build.0 = Mixed|x64
		{3B75536D-008D-4495-9FE8-C7AE79AC6898}.Mixed|x86.ActiveCfg = Mixed|Win32
		{3B75536D-008D-4495-9FE8-C7AE79AC6898}.Mixed|x86.Build.0 = Mixed|Win32
		{3B75536D-008D-4495-9FE8-C7AE79AC6898}.Release|Any CPU.ActiveCfg = Release|x64
		{3B75536D-008D-4495-9FE8-C7AE79AC6898}.Release|Any CPU.Build.0 = Release|x64
		{3B75536D-008D-4495-9FE8-C7AE79AC6898}.Release|x64.ActiveCfg = Release|x64
		{3B75536D-008D-4495-9FE8-C7AE79AC6898}.Release|x64.Build.0 = Release|x64
		{3B75536D-008D-4495-9FE8-C7AE79AC6898}.Release|x86.ActiveCfg = Release|Win32
		{3B75536D-008D-4495-9FE8-C7AE79AC6898}.Release|x86.Build.0 = Release|Win32
		{86B65138-C85E-4C26-967B-9A21EB954216}.Debug|Any CPU.ActiveCfg = Debug|x64
		{86B65138-C85E-4C26-967B-9A21EB954216}.Debug|Any CPU.Build.0 = Debug|x64
		{86B65138-C85E-4C26-967B-9A21EB954216}.Debug|x64.ActiveCfg = Debug|x64
		{86B65138-C85E-4C26-967B-9A21EB954216}.Debug|x64.Build.0 = Debug|x64
		{86B65138-C85E-4C26-967B-9A21EB954216}.Debug|x86.ActiveCfg = Debug|Win32
		{86B65138-C85E-4C26-967B-9A21EB954216}.Debug|x86.Build.0 = Debug|Win32
		{86B65138-C85E-4C26-967B-9A21EB954216}.Mixed|Any CPU.ActiveCfg = Mixed|x64
		{86B65138-C85E-4C26-967B-9A21EB954216}.Mixed|Any CPU.Build.0 = Mixed|x64
		{86B65138-C85E-4C26-967B-9A21EB954216}.Mixed|x64.ActiveCfg = Mixed|x64
		{86B65138-C85E-4C26-967B-9A21EB954216}.Mixed|x64.Build.0 = Mixed|x64
		{86B65138-C85E-4C26-967B-9A21EB954216}.Mixed|x86.ActiveCfg = Mixed|Win32
		{86B65138-C85E-4C26-967B-9A21EB954216}.Mixed|x86.Build.0 = Mixed|Win32
		{86B65138-C85E-4C26-967B-9A21EB954216}.Release|Any CPU.ActiveCfg = Release|x64
		{86B65138-C85E-4C26-967B-9A21EB954216}.Release|Any CPU.Build.0 = Release|x64
		{86B65138-C85E-4C26-967B-9A21EB954216}.Release|x64.ActiveCfg = Release|x64
		{86B65138-C85E-4C26-967B-9A21EB954216}.Release|x64.Build.0 = Release|x64
		{86B65138-C85E-4C26-967B-9A21EB954216}.Release|x86.ActiveCfg = Release|Win32
		{86B65138-C85E-4C26-967B-9A21EB954216}.Release|x86.Build.0 = Release|Win32
	EndGlobalSection
	GlobalSection(SolutionProperties) = preSolution
		HideSolutionNode = FALSE
	EndGlobalSection
	GlobalSection(NestedProjects) = preSolution
		{3145D38A-574B-4841-8AA9-CCD160B95124} = {22F340B9-8190-4BE3-B3E7-F7BCAA0796B3}
		{9187BE98-531A-4276-B78E-DBA3C8AB8447} = {22F340B9-8190-4BE3-B3E7-F7BCAA0796B3}
		{DCC5B76D-BE13-4D1F-BE14-75D0FA678340} = {22F340B9-8190-4BE3-B3E7-F7BCAA0796B3}
		{86D28925-9F85-43EC-980E-E99D7FF2501C} = {653FF293-8663-4095-86FB-28183EB0634B}
		{1A12288A-CB9A-43FD-BDA5-BF903AF5B600} = {653FF293-8663-4095-86FB-28183EB0634B}
		{32A26599-1A59-4866-8C03-1EA6E790405A} = {653FF293-8663-4095-86FB-28183EB0634B}
		{C9135C7E-B0E9-4118-B23E-3E10312BBD4E} = {653FF293-8663-4095-86FB-28183EB0634B}
		{4C532527-AB2E-4D93-8B18-F5EB3A0980D3} = {653FF293-8663-4095-86FB-28183EB0634B}
		{3B75536D-008D-4495-9FE8-C7AE79AC6898} = {653FF293-8663-4095-86FB-28183EB0634B}
		{86B65138-C85E-4C26-967B-9A21EB954216} = {653FF293-8663-4095-86FB-28183EB0634B}
	EndGlobalSection
	GlobalSection(ExtensibilityGlobals) = postSolution
		SolutionGuid = {ACCA3F9B-B3D4-4B37-9305-54D65FCA9A84}
	EndGlobalSection
EndGlobal
